
Microsoft Visual Studio Solution File, Format Version 12.00
# Visual Studio Version 17
VisualStudioVersion = 17.5.002.0
MinimumVisualStudioVersion = 10.0.40219.1
Project("{2150E333-8FDC-42A3-9474-1A3956D46DE8}") = "src", "src", "{F5AB6C2D-9C11-47C9-AC8C-4332B87DCB6F}"
EndProject
Project("{9A19103F-16F7-4668-BE54-9A1E7A4F7556}") = "Library", "src\Library\Library.csproj", "{4FB5F3F7-0ED5-472E-9137-C92EAB11467C}"
EndProject
Project("{9A19103F-16F7-4668-BE54-9A1E7A4F7556}") = "Program", "src\Program\Program.csproj", "{8831DE14-A78B-452D-8B29-4E96799E8E80}"
EndProject
Global
	GlobalSection(SolutionConfigurationPlatforms) = preSolution
		Debug|Any CPU = Debug|Any CPU
		Release|Any CPU = Release|Any CPU
	EndGlobalSection
	GlobalSection(ProjectConfigurationPlatforms) = postSolution
		{4FB5F3F7-0ED5-472E-9137-C92EAB11467C}.Debug|Any CPU.ActiveCfg = Debug|Any CPU
		{4FB5F3F7-0ED5-472E-9137-C92EAB11467C}.Debug|Any CPU.Build.0 = Debug|Any CPU
		{4FB5F3F7-0ED5-472E-9137-C92EAB11467C}.Release|Any CPU.ActiveCfg = Release|Any CPU
		{4FB5F3F7-0ED5-472E-9137-C92EAB11467C}.Release|Any CPU.Build.0 = Release|Any CPU
		{8831DE14-A78B-452D-8B29-4E96799E8E80}.Debug|Any CPU.ActiveCfg = Debug|Any CPU
		{8831DE14-A78B-452D-8B29-4E96799E8E80}.Debug|Any CPU.Build.0 = Debug|Any CPU
		{8831DE14-A78B-452D-8B29-4E96799E8E80}.Release|Any CPU.ActiveCfg = Release|Any CPU
		{8831DE14-A78B-452D-8B29-4E96799E8E80}.Release|Any CPU.Build.0 = Release|Any CPU
	EndGlobalSection
	GlobalSection(SolutionProperties) = preSolution
		HideSolutionNode = FALSE
	EndGlobalSection
	GlobalSection(NestedProjects) = preSolution
		{4FB5F3F7-0ED5-472E-9137-C92EAB11467C} = {F5AB6C2D-9C11-47C9-AC8C-4332B87DCB6F}
		{8831DE14-A78B-452D-8B29-4E96799E8E80} = {F5AB6C2D-9C11-47C9-AC8C-4332B87DCB6F}
	EndGlobalSection
	GlobalSection(ExtensibilityGlobals) = postSolution
		SolutionGuid = {0C1111C8-758D-4B07-A6AF-2475080F3818}
	EndGlobalSection
EndGlobal
